// !$*UTF8*$!
{
	archiveVersion = 1;
	classes = {
	};
	objectVersion = 50;
	objects = {

/* Begin PBXBuildFile section */
		793B33DF2098C3D600EDBFA4 /* AppDelegate.swift in Sources */ = {isa = PBXBuildFile; fileRef = 793B33DE2098C3D600EDBFA4 /* AppDelegate.swift */; };
		793B33E12098C3D600EDBFA4 /* ViewController.swift in Sources */ = {isa = PBXBuildFile; fileRef = 793B33E02098C3D600EDBFA4 /* ViewController.swift */; };
		793B33E42098C3D600EDBFA4 /* Main.storyboard in Resources */ = {isa = PBXBuildFile; fileRef = 793B33E22098C3D600EDBFA4 /* Main.storyboard */; };
		793B33E72098C3D600EDBFA4 /* sample.xcdatamodeld in Sources */ = {isa = PBXBuildFile; fileRef = 793B33E52098C3D600EDBFA4 /* sample.xcdatamodeld */; };
		793B33E92098C3D700EDBFA4 /* Assets.xcassets in Resources */ = {isa = PBXBuildFile; fileRef = 793B33E82098C3D700EDBFA4 /* Assets.xcassets */; };
		793B33EC2098C3D700EDBFA4 /* LaunchScreen.storyboard in Resources */ = {isa = PBXBuildFile; fileRef = 793B33EA2098C3D700EDBFA4 /* LaunchScreen.storyboard */; };
		793B33F52098C71E00EDBFA4 /* ViewControllerAddedByJohn.swift in Sources */ = {isa = PBXBuildFile; fileRef = 793B33F32098C71E00EDBFA4 /* ViewControllerAddedByJohn.swift */; };
		793B33F92098C80C00EDBFA4 /* ViewControllerByChetu.swift in Sources */ = {isa = PBXBuildFile; fileRef = 793B33F72098C80C00EDBFA4 /* ViewControllerByChetu.swift */; };
		793B33FD2098CA7000EDBFA4 /* someRandomViewController.swift in Sources */ = {isa = PBXBuildFile; fileRef = 793B33FB2098CA7000EDBFA4 /* someRandomViewController.swift */; };
		793B33FE2098CA7000EDBFA4 /* someRandomViewController.xib in Resources */ = {isa = PBXBuildFile; fileRef = 793B33FC2098CA7000EDBFA4 /* someRandomViewController.xib */; };
/* End PBXBuildFile section */

/* Begin PBXFileReference section */
		793B33DB2098C3D600EDBFA4 /* sample.app */ = {isa = PBXFileReference; explicitFileType = wrapper.application; includeInIndex = 0; path = sample.app; sourceTree = BUILT_PRODUCTS_DIR; };
		793B33DE2098C3D600EDBFA4 /* AppDelegate.swift */ = {isa = PBXFileReference; lastKnownFileType = sourcecode.swift; path = AppDelegate.swift; sourceTree = "<group>"; };
		793B33E02098C3D600EDBFA4 /* ViewController.swift */ = {isa = PBXFileReference; lastKnownFileType = sourcecode.swift; path = ViewController.swift; sourceTree = "<group>"; };
		793B33E32098C3D600EDBFA4 /* Base */ = {isa = PBXFileReference; lastKnownFileType = file.storyboard; name = Base; path = Base.lproj/Main.storyboard; sourceTree = "<group>"; };
		793B33E62098C3D600EDBFA4 /* sample.xcdatamodel */ = {isa = PBXFileReference; lastKnownFileType = wrapper.xcdatamodel; path = sample.xcdatamodel; sourceTree = "<group>"; };
		793B33E82098C3D700EDBFA4 /* Assets.xcassets */ = {isa = PBXFileReference; lastKnownFileType = folder.assetcatalog; path = Assets.xcassets; sourceTree = "<group>"; };
		793B33EB2098C3D700EDBFA4 /* Base */ = {isa = PBXFileReference; lastKnownFileType = file.storyboard; name = Base; path = Base.lproj/LaunchScreen.storyboard; sourceTree = "<group>"; };
		793B33ED2098C3D700EDBFA4 /* Info.plist */ = {isa = PBXFileReference; lastKnownFileType = text.plist.xml; path = Info.plist; sourceTree = "<group>"; };
		793B33F32098C71E00EDBFA4 /* ViewControllerAddedByJohn.swift */ = {isa = PBXFileReference; lastKnownFileType = sourcecode.swift; path = ViewControllerAddedByJohn.swift; sourceTree = "<group>"; };
		793B33F72098C80C00EDBFA4 /* ViewControllerByChetu.swift */ = {isa = PBXFileReference; lastKnownFileType = sourcecode.swift; path = ViewControllerByChetu.swift; sourceTree = "<group>"; };
		793B33FB2098CA7000EDBFA4 /* someRandomViewController.swift */ = {isa = PBXFileReference; lastKnownFileType = sourcecode.swift; path = someRandomViewController.swift; sourceTree = "<group>"; };
		793B33FC2098CA7000EDBFA4 /* someRandomViewController.xib */ = {isa = PBXFileReference; lastKnownFileType = file.xib; path = someRandomViewController.xib; sourceTree = "<group>"; };
/* End PBXFileReference section */

/* Begin PBXFrameworksBuildPhase section */
		793B33D82098C3D500EDBFA4 /* Frameworks */ = {
			isa = PBXFrameworksBuildPhase;
			buildActionMask = 2147483647;
			files = (
			);
			runOnlyForDeploymentPostprocessing = 0;
		};
/* End PBXFrameworksBuildPhase section */

/* Begin PBXGroup section */
		793B33D22098C3D500EDBFA4 = {
			isa = PBXGroup;
			children = (
				793B33DD2098C3D600EDBFA4 /* sample */,
				793B33DC2098C3D600EDBFA4 /* Products */,
			);
			sourceTree = "<group>";
		};
		793B33DC2098C3D600EDBFA4 /* Products */ = {
			isa = PBXGroup;
			children = (
				793B33DB2098C3D600EDBFA4 /* sample.app */,
			);
			name = Products;
			sourceTree = "<group>";
		};
		793B33DD2098C3D600EDBFA4 /* sample */ = {
			isa = PBXGroup;
			children = (
				793B33DE2098C3D600EDBFA4 /* AppDelegate.swift */,
				793B33E02098C3D600EDBFA4 /* ViewController.swift */,
				793B33F32098C71E00EDBFA4 /* ViewControllerAddedByJohn.swift */,
				793B33F72098C80C00EDBFA4 /* ViewControllerByChetu.swift */,
				793B33FB2098CA7000EDBFA4 /* someRandomViewController.swift */,
				793B33FC2098CA7000EDBFA4 /* someRandomViewController.xib */,
				793B33E22098C3D600EDBFA4 /* Main.storyboard */,
				793B33E82098C3D700EDBFA4 /* Assets.xcassets */,
				793B33EA2098C3D700EDBFA4 /* LaunchScreen.storyboard */,
				793B33ED2098C3D700EDBFA4 /* Info.plist */,
				793B33E52098C3D600EDBFA4 /* sample.xcdatamodeld */,
			);
			path = sample;
			sourceTree = "<group>";
		};
/* End PBXGroup section */

/* Begin PBXNativeTarget section */
		793B33DA2098C3D500EDBFA4 /* sample */ = {
			isa = PBXNativeTarget;
			buildConfigurationList = 793B33F02098C3D700EDBFA4 /* Build configuration list for PBXNativeTarget "sample" */;
			buildPhases = (
				793B33D72098C3D500EDBFA4 /* Sources */,
				793B33D82098C3D500EDBFA4 /* Frameworks */,
				793B33D92098C3D500EDBFA4 /* Resources */,
			);
			buildRules = (
			);
			dependencies = (
			);
			name = sample;
			productName = sample;
			productReference = 793B33DB2098C3D600EDBFA4 /* sample.app */;
			productType = "com.apple.product-type.application";
		};
/* End PBXNativeTarget section */

/* Begin PBXProject section */
		793B33D32098C3D500EDBFA4 /* Project object */ = {
			isa = PBXProject;
			attributes = {
				LastSwiftUpdateCheck = 0930;
				LastUpgradeCheck = 0930;
				ORGANIZATIONNAME = "Rahul Avale";
				TargetAttributes = {
					793B33DA2098C3D500EDBFA4 = {
						CreatedOnToolsVersion = 9.3;
					};
				};
			};
			buildConfigurationList = 793B33D62098C3D500EDBFA4 /* Build configuration list for PBXProject "sample" */;
			compatibilityVersion = "Xcode 9.3";
			developmentRegion = en;
			hasScannedForEncodings = 0;
			knownRegions = (
				en,
				Base,
			);
			mainGroup = 793B33D22098C3D500EDBFA4;
			productRefGroup = 793B33DC2098C3D600EDBFA4 /* Products */;
			projectDirPath = "";
			projectRoot = "";
			targets = (
				793B33DA2098C3D500EDBFA4 /* sample */,
			);
		};
/* End PBXProject section */

/* Begin PBXResourcesBuildPhase section */
		793B33D92098C3D500EDBFA4 /* Resources */ = {
			isa = PBXResourcesBuildPhase;
			buildActionMask = 2147483647;
			files = (
				793B33EC2098C3D700EDBFA4 /* LaunchScreen.storyboard in Resources */,
				793B33FE2098CA7000EDBFA4 /* someRandomViewController.xib in Resources */,
				793B33E92098C3D700EDBFA4 /* Assets.xcassets in Resources */,
				793B33E42098C3D600EDBFA4 /* Main.storyboard in Resources */,
			);
			runOnlyForDeploymentPostprocessing = 0;
		};
/* End PBXResourcesBuildPhase section */

/* Begin PBXSourcesBuildPhase section */
		793B33D72098C3D500EDBFA4 /* Sources */ = {
			isa = PBXSourcesBuildPhase;
			buildActionMask = 2147483647;
			files = (
				793B33E12098C3D600EDBFA4 /* ViewController.swift in Sources */,
				793B33FD2098CA7000EDBFA4 /* someRandomViewController.swift in Sources */,
				793B33F52098C71E00EDBFA4 /* ViewControllerAddedByJohn.swift in Sources */,
				793B33F92098C80C00EDBFA4 /* ViewControllerByChetu.swift in Sources */,
				793B33DF2098C3D600EDBFA4 /* AppDelegate.swift in Sources */,
				793B33E72098C3D600EDBFA4 /* sample.xcdatamodeld in Sources */,
			);
			runOnlyForDeploymentPostprocessing = 0;
		};
/* End PBXSourcesBuildPhase section */

/* Begin PBXVariantGroup section */
		793B33E22098C3D600EDBFA4 /* Main.storyboard */ = {
			isa = PBXVariantGroup;
			children = (
				793B33E32098C3D600EDBFA4 /* Base */,
			);
			name = Main.storyboard;
			sourceTree = "<group>";
		};
		793B33EA2098C3D700EDBFA4 /* LaunchScreen.storyboard */ = {
			isa = PBXVariantGroup;
			children = (
				793B33EB2098C3D700EDBFA4 /* Base */,
			);
			name = LaunchScreen.storyboard;
			sourceTree = "<group>";
		};
/* End PBXVariantGroup section */

/* Begin XCBuildConfiguration section */
		793B33EE2098C3D700EDBFA4 /* Debug */ = {
			isa = XCBuildConfiguration;
			buildSettings = {
				ALWAYS_SEARCH_USER_PATHS = NO;
				CLANG_ANALYZER_NONNULL = YES;
				CLANG_ANALYZER_NUMBER_OBJECT_CONVERSION = YES_AGGRESSIVE;
				CLANG_CXX_LANGUAGE_STANDARD = "gnu++14";
				CLANG_CXX_LIBRARY = "libc++";
				CLANG_ENABLE_MODULES = YES;
				CLANG_ENABLE_OBJC_ARC = YES;
				CLANG_ENABLE_OBJC_WEAK = YES;
				CLANG_WARN_BLOCK_CAPTURE_AUTORELEASING = YES;
				CLANG_WARN_BOOL_CONVERSION = YES;
				CLANG_WARN_COMMA = YES;
				CLANG_WARN_CONSTANT_CONVERSION = YES;
				CLANG_WARN_DEPRECATED_OBJC_IMPLEMENTATIONS = YES;
				CLANG_WARN_DIRECT_OBJC_ISA_USAGE = YES_ERROR;
				CLANG_WARN_DOCUMENTATION_COMMENTS = YES;
				CLANG_WARN_EMPTY_BODY = YES;
				CLANG_WARN_ENUM_CONVERSION = YES;
				CLANG_WARN_INFINITE_RECURSION = YES;
				CLANG_WARN_INT_CONVERSION = YES;
				CLANG_WARN_NON_LITERAL_NULL_CONVERSION = YES;
				CLANG_WARN_OBJC_IMPLICIT_RETAIN_SELF = YES;
				CLANG_WARN_OBJC_LITERAL_CONVERSION = YES;
				CLANG_WARN_OBJC_ROOT_CLASS = YES_ERROR;
				CLANG_WARN_RANGE_LOOP_ANALYSIS = YES;
				CLANG_WARN_STRICT_PROTOTYPES = YES;
				CLANG_WARN_SUSPICIOUS_MOVE = YES;
				CLANG_WARN_UNGUARDED_AVAILABILITY = YES_AGGRESSIVE;
				CLANG_WARN_UNREACHABLE_CODE = YES;
				CLANG_WARN__DUPLICATE_METHOD_MATCH = YES;
				CODE_SIGN_IDENTITY = "iPhone Developer";
				COPY_PHASE_STRIP = NO;
				DEBUG_INFORMATION_FORMAT = dwarf;
				ENABLE_STRICT_OBJC_MSGSEND = YES;
				ENABLE_TESTABILITY = YES;
				GCC_C_LANGUAGE_STANDARD = gnu11;
				GCC_DYNAMIC_NO_PIC = NO;
				GCC_NO_COMMON_BLOCKS = YES;
				GCC_OPTIMIZATION_LEVEL = 0;
				GCC_PREPROCESSOR_DEFINITIONS = (
					"DEBUG=1",
					"$(inherited)",
				);
				GCC_WARN_64_TO_32_BIT_CONVERSION = YES;
				GCC_WARN_ABOUT_RETURN_TYPE = YES_ERROR;
				GCC_WARN_UNDECLARED_SELECTOR = YES;
				GCC_WARN_UNINITIALIZED_AUTOS = YES_AGGRESSIVE;
				GCC_WARN_UNUSED_FUNCTION = YES;
				GCC_WARN_UNUSED_VARIABLE = YES;
				IPHONEOS_DEPLOYMENT_TARGET = 11.3;
				MTL_ENABLE_DEBUG_INFO = YES;
				ONLY_ACTIVE_ARCH = YES;
				SDKROOT = iphoneos;
				SWIFT_ACTIVE_COMPILATION_CONDITIONS = DEBUG;
				SWIFT_OPTIMIZATION_LEVEL = "-Onone";
			};
			name = Debug;
		};
		793B33EF2098C3D700EDBFA4 /* Release */ = {
			isa = XCBuildConfiguration;
			buildSettings = {
				ALWAYS_SEARCH_USER_PATHS = NO;
				CLANG_ANALYZER_NONNULL = YES;
				CLANG_ANALYZER_NUMBER_OBJECT_CONVERSION = YES_AGGRESSIVE;
				CLANG_CXX_LANGUAGE_STANDARD = "gnu++14";
				CLANG_CXX_LIBRARY = "libc++";
				CLANG_ENABLE_MODULES = YES;
				CLANG_ENABLE_OBJC_ARC = YES;
				CLANG_ENABLE_OBJC_WEAK = YES;
				CLANG_WARN_BLOCK_CAPTURE_AUTORELEASING = YES;
				CLANG_WARN_BOOL_CONVERSION = YES;
				CLANG_WARN_COMMA = YES;
				CLANG_WARN_CONSTANT_CONVERSION = YES;
				CLANG_WARN_DEPRECATED_OBJC_IMPLEMENTATIONS = YES;
				CLANG_WARN_DIRECT_OBJC_ISA_USAGE = YES_ERROR;
				CLANG_WARN_DOCUMENTATION_COMMENTS = YES;
				CLANG_WARN_EMPTY_BODY = YES;
				CLANG_WARN_ENUM_CONVERSION = YES;
				CLANG_WARN_INFINITE_RECURSION = YES;
				CLANG_WARN_INT_CONVERSION = YES;
				CLANG_WARN_NON_LITERAL_NULL_CONVERSION = YES;
				CLANG_WARN_OBJC_IMPLICIT_RETAIN_SELF = YES;
				CLANG_WARN_OBJC_LITERAL_CONVERSION = YES;
				CLANG_WARN_OBJC_ROOT_CLASS = YES_ERROR;
				CLANG_WARN_RANGE_LOOP_ANALYSIS = YES;
				CLANG_WARN_STRICT_PROTOTYPES = YES;
				CLANG_WARN_SUSPICIOUS_MOVE = YES;
				CLANG_WARN_UNGUARDED_AVAILABILITY = YES_AGGRESSIVE;
				CLANG_WARN_UNREACHABLE_CODE = YES;
				CLANG_WARN__DUPLICATE_METHOD_MATCH = YES;
				CODE_SIGN_IDENTITY = "iPhone Developer";
				COPY_PHASE_STRIP = NO;
				DEBUG_INFORMATION_FORMAT = "dwarf-with-dsym";
				ENABLE_NS_ASSERTIONS = NO;
				ENABLE_STRICT_OBJC_MSGSEND = YES;
				GCC_C_LANGUAGE_STANDARD = gnu11;
				GCC_NO_COMMON_BLOCKS = YES;
				GCC_WARN_64_TO_32_BIT_CONVERSION = YES;
				GCC_WARN_ABOUT_RETURN_TYPE = YES_ERROR;
				GCC_WARN_UNDECLARED_SELECTOR = YES;
				GCC_WARN_UNINITIALIZED_AUTOS = YES_AGGRESSIVE;
				GCC_WARN_UNUSED_FUNCTION = YES;
				GCC_WARN_UNUSED_VARIABLE = YES;
				IPHONEOS_DEPLOYMENT_TARGET = 11.3;
				MTL_ENABLE_DEBUG_INFO = NO;
				SDKROOT = iphoneos;
				SWIFT_COMPILATION_MODE = wholemodule;
				SWIFT_OPTIMIZATION_LEVEL = "-O";
				VALIDATE_PRODUCT = YES;
			};
			name = Release;
		};
		793B33F12098C3D700EDBFA4 /* Debug */ = {
			isa = XCBuildConfiguration;
			buildSettings = {
				ASSETCATALOG_COMPILER_APPICON_NAME = AppIcon;
				CODE_SIGN_STYLE = Automatic;
				DEVELOPMENT_TEAM = 24EY5L8X5N;
				INFOPLIST_FILE = sample/Info.plist;
				LD_RUNPATH_SEARCH_PATHS = (
					"$(inherited)",
					"@executable_path/Frameworks",
				);
				PRODUCT_BUNDLE_IDENTIFIER = com.rahulAvale.sample;
				PRODUCT_NAME = "$(TARGET_NAME)";
				SWIFT_VERSION = 4.0;
				TARGETED_DEVICE_FAMILY = "1,2";
			};
			name = Debug;
		};
		793B33F22098C3D700EDBFA4 /* Release */ = {
			isa = XCBuildConfiguration;
			buildSettings = {
				ASSETCATALOG_COMPILER_APPICON_NAME = AppIcon;
				CODE_SIGN_STYLE = Automatic;
				DEVELOPMENT_TEAM = 24EY5L8X5N;
				INFOPLIST_FILE = sample/Info.plist;
				LD_RUNPATH_SEARCH_PATHS = (
					"$(inherited)",
					"@executable_path/Frameworks",
				);
				PRODUCT_BUNDLE_IDENTIFIER = com.rahulAvale.sample;
				PRODUCT_NAME = "$(TARGET_NAME)";
				SWIFT_VERSION = 4.0;
				TARGETED_DEVICE_FAMILY = "1,2";
			};
			name = Release;
		};
/* End XCBuildConfiguration section */

/* Begin XCConfigurationList section */
		793B33D62098C3D500EDBFA4 /* Build configuration list for PBXProject "sample" */ = {
			isa = XCConfigurationList;
			buildConfigurations = (
				793B33EE2098C3D700EDBFA4 /* Debug */,
				793B33EF2098C3D700EDBFA4 /* Release */,
			);
			defaultConfigurationIsVisible = 0;
			defaultConfigurationName = Release;
		};
		793B33F02098C3D700EDBFA4 /* Build configuration list for PBXNativeTarget "sample" */ = {
			isa = XCConfigurationList;
			buildConfigurations = (
				793B33F12098C3D700EDBFA4 /* Debug */,
				793B33F22098C3D700EDBFA4 /* Release */,
			);
			defaultConfigurationIsVisible = 0;
			defaultConfigurationName = Release;
		};
/* End XCConfigurationList section */

/* Begin XCVersionGroup section */
		793B33E52098C3D600EDBFA4 /* sample.xcdatamodeld */ = {
			isa = XCVersionGroup;
			children = (
				793B33E62098C3D600EDBFA4 /* sample.xcdatamodel */,
			);
			currentVersion = 793B33E62098C3D600EDBFA4 /* sample.xcdatamodel */;
			path = sample.xcdatamodeld;
			sourceTree = "<group>";
			versionGroupType = wrapper.xcdatamodel;
		};
/* End XCVersionGroup section */
	};
	rootObject = 793B33D32098C3D500EDBFA4 /* Project object */;
}
